
Microsoft Visual Studio Solution File, Format Version 12.00
# Visual Studio 14
VisualStudioVersion = 14.0.25420.1
MinimumVisualStudioVersion = 10.0.40219.1
Project("{FAE04EC0-301F-11D3-BF4B-00C04F79EFBC}") = "AilianBT", "AilianBT\AilianBT.csproj", "{6D8E9B75-9FEA-43A6-84FB-D66427E4E61C}"
EndProject
Project("{FAE04EC0-301F-11D3-BF4B-00C04F79EFBC}") = "PullTofresh", "PullTofresh\PullTofresh.csproj", "{09C9006F-03C8-4948-9EC8-D51F0AE4F2FB}"
EndProject
Project("{FAE04EC0-301F-11D3-BF4B-00C04F79EFBC}") = "MusicBackground", "MusciBackground\MusicBackground.csproj", "{A9DCFEEC-0E58-4203-BB01-F844D0B8C707}"
EndProject
Project("{FAE04EC0-301F-11D3-BF4B-00C04F79EFBC}") = "AilianBTShared", "MusciBackgroundShared\AilianBTShared.csproj", "{87D06A2F-8D73-4F51-9206-74C7920914DC}"
EndProject
Project("{FAE04EC0-301F-11D3-BF4B-00C04F79EFBC}") = "Music", "Music\Music.csproj", "{8D6775B2-163A-420D-A73B-3F2C80096BFC}"
EndProject
Global
	GlobalSection(SolutionConfigurationPlatforms) = preSolution
		Debug|Any CPU = Debug|Any CPU
		Debug|ARM = Debug|ARM
		Debug|x64 = Debug|x64
		Debug|x86 = Debug|x86
		Release|Any CPU = Release|Any CPU
		Release|ARM = Release|ARM
		Release|x64 = Release|x64
		Release|x86 = Release|x86
	EndGlobalSection
	GlobalSection(ProjectConfigurationPlatforms) = postSolution
		{6D8E9B75-9FEA-43A6-84FB-D66427E4E61C}.Debug|Any CPU.ActiveCfg = Debug|x86
		{6D8E9B75-9FEA-43A6-84FB-D66427E4E61C}.Debug|ARM.ActiveCfg = Debug|ARM
		{6D8E9B75-9FEA-43A6-84FB-D66427E4E61C}.Debug|ARM.Build.0 = Debug|ARM
		{6D8E9B75-9FEA-43A6-84FB-D66427E4E61C}.Debug|ARM.Deploy.0 = Debug|ARM
		{6D8E9B75-9FEA-43A6-84FB-D66427E4E61C}.Debug|x64.ActiveCfg = Debug|x64
		{6D8E9B75-9FEA-43A6-84FB-D66427E4E61C}.Debug|x64.Build.0 = Debug|x64
		{6D8E9B75-9FEA-43A6-84FB-D66427E4E61C}.Debug|x64.Deploy.0 = Debug|x64
		{6D8E9B75-9FEA-43A6-84FB-D66427E4E61C}.Debug|x86.ActiveCfg = Debug|x86
		{6D8E9B75-9FEA-43A6-84FB-D66427E4E61C}.Debug|x86.Build.0 = Debug|x86
		{6D8E9B75-9FEA-43A6-84FB-D66427E4E61C}.Debug|x86.Deploy.0 = Debug|x86
		{6D8E9B75-9FEA-43A6-84FB-D66427E4E61C}.Release|Any CPU.ActiveCfg = Release|x86
		{6D8E9B75-9FEA-43A6-84FB-D66427E4E61C}.Release|ARM.ActiveCfg = Release|ARM
		{6D8E9B75-9FEA-43A6-84FB-D66427E4E61C}.Release|ARM.Build.0 = Release|ARM
		{6D8E9B75-9FEA-43A6-84FB-D66427E4E61C}.Release|ARM.Deploy.0 = Release|ARM
		{6D8E9B75-9FEA-43A6-84FB-D66427E4E61C}.Release|x64.ActiveCfg = Release|x64
		{6D8E9B75-9FEA-43A6-84FB-D66427E4E61C}.Release|x64.Build.0 = Release|x64
		{6D8E9B75-9FEA-43A6-84FB-D66427E4E61C}.Release|x64.Deploy.0 = Release|x64
		{6D8E9B75-9FEA-43A6-84FB-D66427E4E61C}.Release|x86.ActiveCfg = Release|x86
		{6D8E9B75-9FEA-43A6-84FB-D66427E4E61C}.Release|x86.Build.0 = Release|x86
		{6D8E9B75-9FEA-43A6-84FB-D66427E4E61C}.Release|x86.Deploy.0 = Release|x86
		{09C9006F-03C8-4948-9EC8-D51F0AE4F2FB}.Debug|Any CPU.ActiveCfg = Debug|x86
		{09C9006F-03C8-4948-9EC8-D51F0AE4F2FB}.Debug|ARM.ActiveCfg = Debug|ARM
		{09C9006F-03C8-4948-9EC8-D51F0AE4F2FB}.Debug|ARM.Build.0 = Debug|ARM
		{09C9006F-03C8-4948-9EC8-D51F0AE4F2FB}.Debug|ARM.Deploy.0 = Debug|ARM
		{09C9006F-03C8-4948-9EC8-D51F0AE4F2FB}.Debug|x64.ActiveCfg = Debug|x64
		{09C9006F-03C8-4948-9EC8-D51F0AE4F2FB}.Debug|x64.Build.0 = Debug|x64
		{09C9006F-03C8-4948-9EC8-D51F0AE4F2FB}.Debug|x64.Deploy.0 = Debug|x64
		{09C9006F-03C8-4948-9EC8-D51F0AE4F2FB}.Debug|x86.ActiveCfg = Debug|x86
		{09C9006F-03C8-4948-9EC8-D51F0AE4F2FB}.Debug|x86.Build.0 = Debug|x86
		{09C9006F-03C8-4948-9EC8-D51F0AE4F2FB}.Debug|x86.Deploy.0 = Debug|x86
		{09C9006F-03C8-4948-9EC8-D51F0AE4F2FB}.Release|Any CPU.ActiveCfg = Release|x86
		{09C9006F-03C8-4948-9EC8-D51F0AE4F2FB}.Release|ARM.ActiveCfg = Release|ARM
		{09C9006F-03C8-4948-9EC8-D51F0AE4F2FB}.Release|ARM.Build.0 = Release|ARM
		{09C9006F-03C8-4948-9EC8-D51F0AE4F2FB}.Release|ARM.Deploy.0 = Release|ARM
		{09C9006F-03C8-4948-9EC8-D51F0AE4F2FB}.Release|x64.ActiveCfg = Release|x64
		{09C9006F-03C8-4948-9EC8-D51F0AE4F2FB}.Release|x64.Build.0 = Release|x64
		{09C9006F-03C8-4948-9EC8-D51F0AE4F2FB}.Release|x64.Deploy.0 = Release|x64
		{09C9006F-03C8-4948-9EC8-D51F0AE4F2FB}.Release|x86.ActiveCfg = Release|x86
		{09C9006F-03C8-4948-9EC8-D51F0AE4F2FB}.Release|x86.Build.0 = Release|x86
		{09C9006F-03C8-4948-9EC8-D51F0AE4F2FB}.Release|x86.Deploy.0 = Release|x86
		{A9DCFEEC-0E58-4203-BB01-F844D0B8C707}.Debug|Any CPU.ActiveCfg = Debug|Any CPU
		{A9DCFEEC-0E58-4203-BB01-F844D0B8C707}.Debug|Any CPU.Build.0 = Debug|Any CPU
		{A9DCFEEC-0E58-4203-BB01-F844D0B8C707}.Debug|ARM.ActiveCfg = Debug|ARM
		{A9DCFEEC-0E58-4203-BB01-F844D0B8C707}.Debug|ARM.Build.0 = Debug|ARM
		{A9DCFEEC-0E58-4203-BB01-F844D0B8C707}.Debug|x64.ActiveCfg = Debug|x64
		{A9DCFEEC-0E58-4203-BB01-F844D0B8C707}.Debug|x64.Build.0 = Debug|x64
		{A9DCFEEC-0E58-4203-BB01-F844D0B8C707}.Debug|x86.ActiveCfg = Debug|x86
		{A9DCFEEC-0E58-4203-BB01-F844D0B8C707}.Debug|x86.Build.0 = Debug|x86
		{A9DCFEEC-0E58-4203-BB01-F844D0B8C707}.Release|Any CPU.ActiveCfg = Release|Any CPU
		{A9DCFEEC-0E58-4203-BB01-F844D0B8C707}.Release|Any CPU.Build.0 = Release|Any CPU
		{A9DCFEEC-0E58-4203-BB01-F844D0B8C707}.Release|ARM.ActiveCfg = Release|ARM
		{A9DCFEEC-0E58-4203-BB01-F844D0B8C707}.Release|ARM.Build.0 = Release|ARM
		{A9DCFEEC-0E58-4203-BB01-F844D0B8C707}.Release|x64.ActiveCfg = Release|x64
		{A9DCFEEC-0E58-4203-BB01-F844D0B8C707}.Release|x64.Build.0 = Release|x64
		{A9DCFEEC-0E58-4203-BB01-F844D0B8C707}.Release|x86.ActiveCfg = Release|x86
		{A9DCFEEC-0E58-4203-BB01-F844D0B8C707}.Release|x86.Build.0 = Release|x86
		{87D06A2F-8D73-4F51-9206-74C7920914DC}.Debug|Any CPU.ActiveCfg = Debug|Any CPU
		{87D06A2F-8D73-4F51-9206-74C7920914DC}.Debug|Any CPU.Build.0 = Debug|Any CPU
		{87D06A2F-8D73-4F51-9206-74C7920914DC}.Debug|ARM.ActiveCfg = Debug|ARM
		{87D06A2F-8D73-4F51-9206-74C7920914DC}.Debug|ARM.Build.0 = Debug|ARM
		{87D06A2F-8D73-4F51-9206-74C7920914DC}.Debug|x64.ActiveCfg = Debug|x64
		{87D06A2F-8D73-4F51-9206-74C7920914DC}.Debug|x64.Build.0 = Debug|x64
		{87D06A2F-8D73-4F51-9206-74C7920914DC}.Debug|x86.ActiveCfg = Debug|x86
		{87D06A2F-8D73-4F51-9206-74C7920914DC}.Debug|x86.Build.0 = Debug|x86
		{87D06A2F-8D73-4F51-9206-74C7920914DC}.Release|Any CPU.ActiveCfg = Release|Any CPU
		{87D06A2F-8D73-4F51-9206-74C7920914DC}.Release|Any CPU.Build.0 = Release|Any CPU
		{87D06A2F-8D73-4F51-9206-74C7920914DC}.Release|ARM.ActiveCfg = Release|ARM
		{87D06A2F-8D73-4F51-9206-74C7920914DC}.Release|ARM.Build.0 = Release|ARM
		{87D06A2F-8D73-4F51-9206-74C7920914DC}.Release|x64.ActiveCfg = Release|x64
		{87D06A2F-8D73-4F51-9206-74C7920914DC}.Release|x64.Build.0 = Release|x64
		{87D06A2F-8D73-4F51-9206-74C7920914DC}.Release|x86.ActiveCfg = Release|x86
		{87D06A2F-8D73-4F51-9206-74C7920914DC}.Release|x86.Build.0 = Release|x86
		{8D6775B2-163A-420D-A73B-3F2C80096BFC}.Debug|Any CPU.ActiveCfg = Debug|x86
		{8D6775B2-163A-420D-A73B-3F2C80096BFC}.Debug|ARM.ActiveCfg = Debug|ARM
		{8D6775B2-163A-420D-A73B-3F2C80096BFC}.Debug|ARM.Build.0 = Debug|ARM
		{8D6775B2-163A-420D-A73B-3F2C80096BFC}.Debug|ARM.Deploy.0 = Debug|ARM
		{8D6775B2-163A-420D-A73B-3F2C80096BFC}.Debug|x64.ActiveCfg = Debug|x64
		{8D6775B2-163A-420D-A73B-3F2C80096BFC}.Debug|x64.Build.0 = Debug|x64
		{8D6775B2-163A-420D-A73B-3F2C80096BFC}.Debug|x64.Deploy.0 = Debug|x64
		{8D6775B2-163A-420D-A73B-3F2C80096BFC}.Debug|x86.ActiveCfg = Debug|x86
		{8D6775B2-163A-420D-A73B-3F2C80096BFC}.Debug|x86.Build.0 = Debug|x86
		{8D6775B2-163A-420D-A73B-3F2C80096BFC}.Debug|x86.Deploy.0 = Debug|x86
		{8D6775B2-163A-420D-A73B-3F2C80096BFC}.Release|Any CPU.ActiveCfg = Release|x86
		{8D6775B2-163A-420D-A73B-3F2C80096BFC}.Release|ARM.ActiveCfg = Release|ARM
		{8D6775B2-163A-420D-A73B-3F2C80096BFC}.Release|ARM.Build.0 = Release|ARM
		{8D6775B2-163A-420D-A73B-3F2C80096BFC}.Release|ARM.Deploy.0 = Release|ARM
		{8D6775B2-163A-420D-A73B-3F2C80096BFC}.Release|x64.ActiveCfg = Release|x64
		{8D6775B2-163A-420D-A73B-3F2C80096BFC}.Release|x64.Build.0 = Release|x64
		{8D6775B2-163A-420D-A73B-3F2C80096BFC}.Release|x64.Deploy.0 = Release|x64
		{8D6775B2-163A-420D-A73B-3F2C80096BFC}.Release|x86.ActiveCfg = Release|x86
		{8D6775B2-163A-420D-A73B-3F2C80096BFC}.Release|x86.Build.0 = Release|x86
		{8D6775B2-163A-420D-A73B-3F2C80096BFC}.Release|x86.Deploy.0 = Release|x86
	EndGlobalSection
	GlobalSection(SolutionProperties) = preSolution
		HideSolutionNode = FALSE
	EndGlobalSection
EndGlobal
